
Microsoft Visual Studio Solution File, Format Version 12.00
# Visual Studio Version 17
VisualStudioVersion = 17.5.33424.131
MinimumVisualStudioVersion = 10.0.40219.1
Project("{FAE04EC0-301F-11D3-BF4B-00C04F79EFBC}") = "ATVs 15-08-2023", "ATVs 15-08-2023\ATVs 15-08-2023.csproj", "{C016761F-AC36-4177-BF03-530A438864F8}"
EndProject
Global
	GlobalSection(SolutionConfigurationPlatforms) = preSolution
		Debug|Any CPU = Debug|Any CPU
		Release|Any CPU = Release|Any CPU
	EndGlobalSection
	GlobalSection(ProjectConfigurationPlatforms) = postSolution
		{C016761F-AC36-4177-BF03-530A438864F8}.Debug|Any CPU.ActiveCfg = Debug|Any CPU
		{C016761F-AC36-4177-BF03-530A438864F8}.Debug|Any CPU.Build.0 = Debug|Any CPU
		{C016761F-AC36-4177-BF03-530A438864F8}.Release|Any CPU.ActiveCfg = Release|Any CPU
		{C016761F-AC36-4177-BF03-530A438864F8}.Release|Any CPU.Build.0 = Release|Any CPU
	EndGlobalSection
	GlobalSection(SolutionProperties) = preSolution
		HideSolutionNode = FALSE
	EndGlobalSection
	GlobalSection(ExtensibilityGlobals) = postSolution
		SolutionGuid = {2958E14F-B6CB-484A-A856-8F052FBF20B9}
	EndGlobalSection
EndGlobal
